#MicroXplorer Configuration settings - do not modify
Mcu.Family=STM32F1
ProjectManager.MainLocation=Core/Src
NVIC.ADC1_2_IRQn=true\:0\:0\:false\:false\:true\:true\:true
RCC.MCOFreq_Value=72000000
FSMC.AddressSetupTime4=1
SH.FSMC_D1_DA1.0=FSMC_D1,16b-d4
ProjectManager.KeepUserCode=true
Mcu.UserName=STM32F103ZETx
ADC1.ContinuousConvMode=DISABLE
RCC.PLLCLKFreq_Value=72000000
SH.FSMC_NWE.0=FSMC_NWE,Lcd4
PG0.Signal=FSMC_A10
ProjectManager.functionlistsort=1-MX_GPIO_Init-GPIO-false-HAL-true,2-MX_DMA_Init-DMA-false-HAL-true,3-SystemClock_Config-RCC-false-HAL-false,4-MX_ADC1_Init-ADC1-false-HAL-true,5-MX_TIM3_Init-TIM3-false-HAL-true,6-MX_USART1_UART_Init-USART1-false-HAL-true,7-MX_TIM2_Init-TIM2-false-HAL-true,8-MX_FSMC_Init-FSMC-false-HAL-true,9-MX_TIM4_Init-TIM4-false-HAL-true
SH.FSMC_D0_DA0.0=FSMC_D0,16b-d4
RCC.ADCFreqValue=12000000
TIM2.Channel-PWM\ Generation2\ CH2=TIM_CHANNEL_2
USART1.IPParameters=VirtualMode
SH.S_TIM4_CH4.ConfNb=1
PinOutPanel.RotationAngle=0
PE5.GPIOParameters=GPIO_Speed,PinState,GPIO_PuPd,GPIO_Label
RCC.SYSCLKSource=RCC_SYSCLKSOURCE_PLLCLK
ProjectManager.StackSize=0x400
PB5.GPIOParameters=GPIO_Speed,PinState,GPIO_PuPd,GPIO_Label
Mcu.IP4=RCC
RCC.FCLKCortexFreq_Value=72000000
Mcu.IP5=SYS
Mcu.IP2=FSMC
NVIC.SVCall_IRQn=true\:0\:0\:false\:false\:true\:false\:false
Mcu.IP3=NVIC
RCC.SDIOHCLKDiv2FreqValue=36000000
Mcu.IP0=ADC1
Mcu.IP1=DMA
Mcu.UserConstants=
PE5.GPIO_PuPd=GPIO_PULLUP
Mcu.ThirdPartyNb=0
RCC.SDIOFreq_Value=72000000
RCC.HCLKFreq_Value=72000000
Mcu.IPNb=10
TIM2.IPParameters=Channel-PWM Generation1 CH1,Channel-PWM Generation2 CH2,Prescaler,Period,AutoReloadPreload,Pulse-PWM Generation1 CH1,Pulse-PWM Generation2 CH2
ProjectManager.PreviousToolchain=
PD4.Signal=FSMC_NOE
RCC.APB2TimFreq_Value=72000000
TIM3.Period=1000-1
Dma.ADC1.0.Direction=DMA_PERIPH_TO_MEMORY
PB5.PinState=GPIO_PIN_SET
ADC1.InjNumberOfConversion=1
SH.SharedAnalog_PA1.ConfNb=2
Mcu.Pin6=PE7
PD0.Signal=FSMC_D2_DA2
Mcu.Pin7=PE8
PD8.Signal=FSMC_D13_DA13
PE5.Signal=GPIO_Output
Mcu.Pin8=PE9
OSC_OUT.Mode=HSE-External-Oscillator
Mcu.Pin9=PE10
SH.FSMC_A10.0=FSMC_A10,A10_4
OSC_OUT.Signal=RCC_OSC_OUT
Dma.ADC1.0.MemDataAlignment=DMA_MDATAALIGN_HALFWORD
RCC.AHBFreq_Value=72000000
Mcu.Pin0=PE5
Mcu.Pin1=OSC_IN
GPIO.groupedBy=Group By Peripherals
Mcu.Pin2=OSC_OUT
Mcu.Pin3=PA1
SH.FSMC_D4_DA4.ConfNb=1
SH.FSMC_D12_DA12.ConfNb=1
Mcu.Pin4=PB0
Mcu.Pin5=PG0
VP_TIM3_VS_no_output4.Mode=Output Compare4 No Output
ProjectManager.ProjectBuild=false
ADC1.ExternalTrigInjecConv=ADC_INJECTED_SOFTWARE_START
NVIC.UsageFault_IRQn=true\:0\:0\:false\:false\:true\:false\:false
NVIC.DebugMonitor_IRQn=true\:0\:0\:false\:false\:true\:false\:false
NVIC.SysTick_IRQn=true\:0\:0\:false\:false\:true\:false\:true
SH.FSMC_D6_DA6.ConfNb=1
RCC.PLLMUL=RCC_PLL_MUL9
ProjectManager.FirmwarePackage=STM32Cube FW_F1 V1.8.3
MxDb.Version=DB.6.0.20
PB0.GPIOParameters=GPIO_Speed
SH.FSMC_NOE.ConfNb=1
PE13.Signal=FSMC_D10_DA10
ProjectManager.BackupPrevious=false
SH.FSMC_D14_DA14.0=FSMC_D14,16b-d4
SH.FSMC_D10_DA10.0=FSMC_D10,16b-d4
TIM4.IPParametersWithoutCheck=Prescaler
PE9.Signal=FSMC_D6_DA6
PA14.Mode=Serial_Wire
TIM3.Prescaler=7200-1
Dma.ADC1.0.PeriphInc=DMA_PINC_DISABLE
SH.FSMC_D6_DA6.0=FSMC_D6,16b-d4
File.Version=6
PE5.PinState=GPIO_PIN_SET
TIM3.Channel-Output\ Compare4\ No\ Output=TIM_CHANNEL_4
SH.FSMC_D9_DA9.ConfNb=1
PB8.Locked=true
TIM2.Channel-PWM\ Generation1\ CH1=TIM_CHANNEL_1
NVIC.PendSV_IRQn=true\:0\:0\:false\:false\:true\:false\:false
TIM4.Period=8-1
PE10.Signal=FSMC_D7_DA7
SH.FSMC_D5_DA5.0=FSMC_D5,16b-d4
Dma.RequestsNb=1
ProjectManager.HalAssertFull=false
PB0.Locked=true
ProjectManager.ProjectName=PRO_TEMPERATURE
SH.FSMC_D4_DA4.0=FSMC_D4,16b-d4
RCC.PLLMCOFreq_Value=36000000
Mcu.Package=LQFP144
PB9.Signal=S_TIM4_CH4
TIM2.Prescaler=72-1
ADC1.EnableInjectedConversion=DISABLE
SH.FSMC_D15_DA15.ConfNb=1
RCC.I2S2Freq_Value=72000000
FSMC.IPParameters=ExtendedMode4,ExtendedAddressSetupTime4,ExtendedDataSetupTime4,AddressSetupTime4,DataSetupTime4
ProjectManager.ToolChainLocation=
SH.FSMC_D13_DA13.0=FSMC_D13,16b-d4
SH.FSMC_D14_DA14.ConfNb=1
VP_SYS_VS_Systick.Signal=SYS_VS_Systick
PB9.GPIO_PuPd=GPIO_PULLUP
PA10.Signal=USART1_RX
PA15.Signal=S_TIM2_CH1_ETR
TIM2.Pulse-PWM\ Generation2\ CH2=500
PB5.GPIO_Speed=GPIO_SPEED_FREQ_HIGH
PB5.GPIO_Label=LED0
SH.FSMC_D3_DA3.0=FSMC_D3,16b-d4
RCC.APB1TimFreq_Value=72000000
NVIC.BusFault_IRQn=true\:0\:0\:false\:false\:true\:false\:false
SH.FSMC_D2_DA2.0=FSMC_D2,16b-d4
SH.FSMC_NWE.ConfNb=1
PE7.Signal=FSMC_D4_DA4
NVIC.USART1_IRQn=true\:0\:0\:false\:false\:true\:true\:true
Dma.Request0=ADC1
SH.FSMC_D7_DA7.ConfNb=1
PD15.Signal=FSMC_D1_DA1
ProjectManager.CustomerFirmwarePackage=
VP_TIM3_VS_ClockSourceINT.Mode=Internal
PG12.Signal=FSMC_NE4
RCC.PLLSourceVirtual=RCC_PLLSOURCE_HSE
ProjectManager.ProjectFileName=PRO_TEMPERATURE.ioc
TIM4.AutoReloadPreload=TIM_AUTORELOAD_PRELOAD_DISABLE
SH.FSMC_D12_DA12.0=FSMC_D12,16b-d4
Dma.ADC1.0.Instance=DMA1_Channel1
FSMC.ExtendedAddressSetupTime4=0
PB8.GPIOParameters=GPIO_Speed,GPIO_PuPd,GPIO_Label
PB9.GPIO_Label=IRMP_Receive
PA10.Mode=Asynchronous
Mcu.PinsNb=38
TIM3.AutoReloadPreload=TIM_AUTORELOAD_PRELOAD_ENABLE
ProjectManager.NoMain=false
ADC1.IPParameters=master,ContinuousConvMode,EnableInjectedConversion,InjNumberOfConversion,EnableRegularConversion,ExternalTrigInjecConv,Rank-7\#ChannelRegularConversion,Channel-7\#ChannelRegularConversion,SamplingTime-7\#ChannelRegularConversion,NbrOfConversionFlag,ExternalTrigConv
FSMC.ExtendedMode4=FSMC_EXTENDED_MODE_ENABLE
SH.S_TIM4_CH4.0=TIM4_CH4,Input_Capture4_from_TI4
PB8.GPIO_PuPd=GPIO_PULLDOWN
SH.FSMC_D8_DA8.ConfNb=1
PD1.Signal=FSMC_D3_DA3
ProjectManager.DefaultFWLocation=true
SH.FSMC_D9_DA9.0=FSMC_D9,16b-d4
PD9.Signal=FSMC_D14_DA14
PD5.Signal=FSMC_NWE
SH.FSMC_D11_DA11.ConfNb=1
ProjectManager.DeletePrevious=true
RCC.APB1CLKDivider=RCC_HCLK_DIV2
SH.S_TIM2_CH1_ETR.ConfNb=1
RCC.FamilyName=M
RCC.I2S3Freq_Value=72000000
ADC1.Channel-7\#ChannelRegularConversion=ADC_CHANNEL_1
TIM2.Pulse-PWM\ Generation1\ CH1=200
SH.FSMC_D8_DA8.0=FSMC_D8,16b-d4
PB9.GPIOParameters=GPIO_PuPd,GPIO_Label
PB0.GPIO_Speed=GPIO_SPEED_FREQ_HIGH
RCC.ADCPresc=RCC_ADCPCLK2_DIV6
PD10.Signal=FSMC_D15_DA15
PA13.Signal=SYS_JTMS-SWDIO
SH.FSMC_D13_DA13.ConfNb=1
PB8.GPIO_Label=BEEP
SH.S_TIM2_CH2.0=TIM2_CH2,PWM Generation2 CH2
Dma.ADC1.0.PeriphDataAlignment=DMA_PDATAALIGN_HALFWORD
PA9.Mode=Asynchronous
TIM4.Channel-Input_Capture4_from_TI4=TIM_CHANNEL_4
FSMC.DataSetupTime4=15
VP_TIM4_VS_ClockSourceINT.Signal=TIM4_VS_ClockSourceINT
ProjectManager.TargetToolchain=STM32CubeIDE
TIM4.IPParameters=Prescaler,Period,AutoReloadPreload,Channel-Input_Capture4_from_TI4
SH.FSMC_D5_DA5.ConfNb=1
SH.FSMC_A10.ConfNb=1
Dma.ADC1.0.Mode=DMA_CIRCULAR
Dma.ADC1.0.Priority=DMA_PRIORITY_HIGH
PA9.Signal=USART1_TX
SH.S_TIM2_CH2.ConfNb=1
PB5.Locked=true
PB9.Locked=true
ProjectManager.RegisterCallBack=
OSC_IN.Signal=RCC_OSC_IN
RCC.USBFreq_Value=72000000
VP_TIM3_VS_ClockSourceINT.Signal=TIM3_VS_ClockSourceINT
TIM4.Prescaler=((F_CPU / F_INTERRUPTS)/8) - 1
PE11.Signal=FSMC_D8_DA8
PA1.Signal=SharedAnalog_PA1
FSMC.ExtendedDataSetupTime4=15
SH.FSMC_D7_DA7.0=FSMC_D7,16b-d4
board=custom
PG12.Mode=NorPsramChipSelect4_4
SH.FSMC_D0_DA0.ConfNb=1
ProjectManager.LastFirmware=true
NVIC.TIM3_IRQn=true\:0\:0\:false\:false\:true\:true\:true
SH.FSMC_D3_DA3.ConfNb=1
RCC.VCOOutput2Freq_Value=8000000
Dma.ADC1.0.RequestParameters=Instance,Direction,PeriphInc,MemInc,PeriphDataAlignment,MemDataAlignment,Mode,Priority
RCC.APB2Freq_Value=72000000
PE14.Signal=FSMC_D11_DA11
PE15.Signal=FSMC_D12_DA12
MxCube.Version=6.2.0
Mcu.Pin37=VP_TIM4_VS_ClockSourceINT
Mcu.Pin35=VP_TIM3_VS_ClockSourceINT
PE8.Signal=FSMC_D5_DA5
Mcu.Pin36=VP_TIM3_VS_no_output4
Mcu.Pin30=PB3
VP_SYS_VS_Systick.Mode=SysTick
Mcu.Pin33=PB9
TIM3.IPParameters=Prescaler,Period,Channel-Output Compare4 No Output,TIM_MasterOutputTrigger,AutoReloadPreload
Mcu.Pin34=VP_SYS_VS_Systick
Mcu.Pin31=PB5
Mcu.Pin32=PB8
NVIC.NonMaskableInt_IRQn=true\:0\:0\:false\:false\:true\:false\:false
PE5.Locked=true
VP_TIM3_VS_no_output4.Signal=TIM3_VS_no_output4
TIM2.Period=1000-1
PA13.Mode=Serial_Wire
ProjectManager.FreePins=false
RCC.IPParameters=ADCFreqValue,ADCPresc,AHBFreq_Value,APB1CLKDivider,APB1Freq_Value,APB1TimFreq_Value,APB2Freq_Value,APB2TimFreq_Value,FCLKCortexFreq_Value,FSMCFreq_Value,FamilyName,HCLKFreq_Value,I2S2Freq_Value,I2S3Freq_Value,MCOFreq_Value,PLLCLKFreq_Value,PLLMCOFreq_Value,PLLMUL,PLLSourceVirtual,SDIOFreq_Value,SDIOHCLKDiv2FreqValue,SYSCLKFreq_VALUE,SYSCLKSource,TimSysFreq_Value,USBFreq_Value,VCOOutput2Freq_Value
ProjectManager.AskForMigrate=true
Mcu.Name=STM32F103Z(C-D-E)Tx
PE12.Signal=FSMC_D9_DA9
Mcu.Pin26=PD1
Mcu.Pin27=PD4
Mcu.Pin24=PA15
ProjectManager.UnderRoot=true
Mcu.Pin25=PD0
Mcu.IP8=TIM4
ADC1.ExternalTrigConv=ADC_EXTERNALTRIGCONV_T3_TRGO
Mcu.IP9=USART1
PD14.Signal=FSMC_D0_DA0
Mcu.Pin28=PD5
Mcu.IP6=TIM2
Mcu.Pin29=PG12
RCC.FSMCFreq_Value=72000000
Mcu.IP7=TIM3
ProjectManager.CoupleFile=true
PB3.Signal=S_TIM2_CH2
RCC.SYSCLKFreq_VALUE=72000000
PB5.Signal=GPIO_Output
Mcu.Pin22=PA13
Mcu.Pin23=PA14
RCC.TimSysFreq_Value=72000000
PA1.Locked=true
Mcu.Pin20=PA9
ADC1.master=1
Mcu.Pin21=PA10
NVIC.ForceEnableDMAVector=true
KeepUserPlacement=false
OSC_IN.Mode=HSE-External-Oscillator
PB5.GPIO_PuPd=GPIO_PULLUP
NVIC.MemoryManagement_IRQn=true\:0\:0\:false\:false\:true\:false\:false
PE5.GPIO_Label=LED1
USART1.VirtualMode=VM_ASYNC
ProjectManager.CompilerOptimize=6
SH.S_TIM2_CH1_ETR.0=TIM2_CH1,PWM Generation1 CH1
PA14.Signal=SYS_JTCK-SWCLK
SH.FSMC_D15_DA15.0=FSMC_D15,16b-d4
Dma.ADC1.0.MemInc=DMA_MINC_ENABLE
ProjectManager.HeapSize=0x200
Mcu.Pin15=PD8
NVIC.HardFault_IRQn=true\:0\:0\:false\:false\:true\:false\:false
Mcu.Pin16=PD9
SH.FSMC_D11_DA11.0=FSMC_D11,16b-d4
Mcu.Pin13=PE14
Mcu.Pin14=PE15
Mcu.Pin19=PD15
SH.FSMC_NOE.0=FSMC_NOE,Lcd4
ProjectManager.ComputerToolchain=false
Mcu.Pin17=PD10
SH.FSMC_D2_DA2.ConfNb=1
Mcu.Pin18=PD14
SH.FSMC_D1_DA1.ConfNb=1
SH.SharedAnalog_PA1.1=ADC1_IN1,IN1
VP_TIM4_VS_ClockSourceINT.Mode=Internal
ADC1.Rank-7\#ChannelRegularConversion=1
NVIC.PriorityGroup=NVIC_PRIORITYGROUP_4
SH.SharedAnalog_PA1.0=GPIO_Analog
ADC1.NbrOfConversionFlag=1
Mcu.Pin11=PE12
Mcu.Pin12=PE13
Mcu.Pin10=PE11
PE5.GPIO_Speed=GPIO_SPEED_FREQ_HIGH
ADC1.EnableRegularConversion=ENABLE
PB8.Signal=GPIO_Output
TIM2.AutoReloadPreload=TIM_AUTORELOAD_PRELOAD_ENABLE
ADC1.SamplingTime-7\#ChannelRegularConversion=ADC_SAMPLETIME_1CYCLE_5
NVIC.DMA1_Channel1_IRQn=true\:0\:0\:false\:false\:true\:false\:true
TIM3.TIM_MasterOutputTrigger=TIM_TRGO_UPDATE
NVIC.TIM4_IRQn=true\:0\:0\:false\:false\:true\:true\:true
RCC.APB1Freq_Value=36000000
PB8.GPIO_Speed=GPIO_SPEED_FREQ_HIGH
PB0.Signal=GPIO_Output
ProjectManager.DeviceId=STM32F103ZETx
ProjectManager.LibraryCopy=1
SH.FSMC_D10_DA10.ConfNb=1
isbadioc=false
