#MicroXplorer Configuration settings - do not modify
Mcu.Family=STM32F1
RCC.PLLSourceVirtual=RCC_PLLSOURCE_HSE
ProjectManager.MainLocation=Core/Src
RCC.MCOFreq_Value=72000000
ProjectManager.ProjectFileName=15.IRMP.ioc
PB8.GPIOParameters=GPIO_Speed,GPIO_PuPd,GPIO_Label
PB9.GPIO_Label=IRMP_Receive
ProjectManager.KeepUserCode=true
PA10.Mode=Asynchronous
Mcu.UserName=STM32F103ZETx
Mcu.PinsNb=10
ProjectManager.NoMain=false
SH.S_TIM4_CH4.0=TIM4_CH4,Input_Capture4_from_TI4
RCC.PLLCLKFreq_Value=72000000
ProjectManager.functionlistsort=1-MX_GPIO_Init-GPIO-false-HAL-true,2-SystemClock_Config-RCC-false-HAL-false,3-MX_TIM4_Init-TIM4-false-HAL-true,4-MX_USART1_UART_Init-USART1-false-HAL-true
PB8.GPIO_PuPd=GPIO_PULLDOWN
RCC.ADCFreqValue=36000000
ProjectManager.DefaultFWLocation=true
ProjectManager.DeletePrevious=true
USART1.IPParameters=VirtualMode
SH.S_TIM4_CH4.ConfNb=1
RCC.APB1CLKDivider=RCC_HCLK_DIV2
PinOutPanel.RotationAngle=0
RCC.I2S3Freq_Value=72000000
RCC.FamilyName=M
RCC.SYSCLKSource=RCC_SYSCLKSOURCE_PLLCLK
ProjectManager.StackSize=0x400
PB9.GPIOParameters=GPIO_PuPd,GPIO_Label
PA13.Signal=SYS_JTMS-SWDIO
Mcu.IP4=USART1
RCC.FCLKCortexFreq_Value=72000000
NVIC.SVCall_IRQn=true\:0\:0\:false\:false\:true\:false\:false
Mcu.IP2=SYS
PB8.GPIO_Label=BEEP
RCC.SDIOHCLKDiv2FreqValue=36000000
Mcu.IP3=TIM4
Mcu.IP0=NVIC
PA9.Mode=Asynchronous
Mcu.IP1=RCC
TIM4.Channel-Input_Capture4_from_TI4=TIM_CHANNEL_4
Mcu.UserConstants=
VP_TIM4_VS_ClockSourceINT.Signal=TIM4_VS_ClockSourceINT
ProjectManager.TargetToolchain=STM32CubeIDE
TIM4.IPParameters=Channel-Input_Capture4_from_TI4,Prescaler,Period
Mcu.ThirdPartyNb=0
RCC.SDIOFreq_Value=72000000
RCC.HCLKFreq_Value=72000000
Mcu.IPNb=5
ProjectManager.PreviousToolchain=
RCC.APB2TimFreq_Value=72000000
PA9.Signal=USART1_TX
PB9.Locked=true
Mcu.Pin6=PB8
Mcu.Pin7=PB9
ProjectManager.RegisterCallBack=
OSC_IN.Signal=RCC_OSC_IN
Mcu.Pin8=VP_SYS_VS_Systick
RCC.USBFreq_Value=72000000
OSC_OUT.Mode=HSE-External-Oscillator
Mcu.Pin9=VP_TIM4_VS_ClockSourceINT
TIM4.Prescaler=((F_CPU / F_INTERRUPTS)/8) - 1
OSC_OUT.Signal=RCC_OSC_OUT
RCC.AHBFreq_Value=72000000
Mcu.Pin0=OSC_IN
Mcu.Pin1=OSC_OUT
GPIO.groupedBy=Group By Peripherals
Mcu.Pin2=PA9
Mcu.Pin3=PA10
Mcu.Pin4=PA13
Mcu.Pin5=PA14
ProjectManager.ProjectBuild=false
NVIC.UsageFault_IRQn=true\:0\:0\:false\:false\:true\:false\:false
NVIC.DebugMonitor_IRQn=true\:0\:0\:false\:false\:true\:false\:false
board=custom
NVIC.SysTick_IRQn=true\:0\:0\:false\:false\:true\:false\:true
ProjectManager.LastFirmware=true
RCC.PLLMUL=RCC_PLL_MUL9
RCC.VCOOutput2Freq_Value=8000000
ProjectManager.FirmwarePackage=STM32Cube FW_F1 V1.8.3
MxDb.Version=DB.6.0.20
RCC.APB2Freq_Value=72000000
ProjectManager.BackupPrevious=false
MxCube.Version=6.2.0
TIM4.IPParametersWithoutCheck=Prescaler
PA14.Mode=Serial_Wire
File.Version=6
VP_SYS_VS_Systick.Mode=SysTick
PB8.Locked=true
NVIC.NonMaskableInt_IRQn=true\:0\:0\:false\:false\:true\:false\:false
NVIC.PendSV_IRQn=true\:0\:0\:false\:false\:true\:false\:false
TIM4.Period=8-1
PA13.Mode=Serial_Wire
ProjectManager.FreePins=false
RCC.IPParameters=ADCFreqValue,AHBFreq_Value,APB1CLKDivider,APB1Freq_Value,APB1TimFreq_Value,APB2Freq_Value,APB2TimFreq_Value,FCLKCortexFreq_Value,FSMCFreq_Value,FamilyName,HCLKFreq_Value,I2S2Freq_Value,I2S3Freq_Value,MCOFreq_Value,PLLCLKFreq_Value,PLLMCOFreq_Value,PLLMUL,PLLSourceVirtual,SDIOFreq_Value,SDIOHCLKDiv2FreqValue,SYSCLKFreq_VALUE,SYSCLKSource,TimSysFreq_Value,USBFreq_Value,VCOOutput2Freq_Value
ProjectManager.AskForMigrate=true
Mcu.Name=STM32F103Z(C-D-E)Tx
ProjectManager.HalAssertFull=false
ProjectManager.ProjectName=15.IRMP
ProjectManager.UnderRoot=true
RCC.FSMCFreq_Value=72000000
RCC.PLLMCOFreq_Value=36000000
ProjectManager.CoupleFile=true
RCC.SYSCLKFreq_VALUE=72000000
Mcu.Package=LQFP144
PB9.Signal=S_TIM4_CH4
RCC.TimSysFreq_Value=72000000
RCC.I2S2Freq_Value=72000000
NVIC.ForceEnableDMAVector=true
KeepUserPlacement=false
OSC_IN.Mode=HSE-External-Oscillator
NVIC.MemoryManagement_IRQn=true\:0\:0\:false\:false\:true\:false\:false
USART1.VirtualMode=VM_ASYNC
ProjectManager.CompilerOptimize=6
ProjectManager.ToolChainLocation=
VP_SYS_VS_Systick.Signal=SYS_VS_Systick
PB9.GPIO_PuPd=GPIO_PULLUP
PA14.Signal=SYS_JTCK-SWCLK
PA10.Signal=USART1_RX
ProjectManager.HeapSize=0x200
NVIC.HardFault_IRQn=true\:0\:0\:false\:false\:true\:false\:false
ProjectManager.ComputerToolchain=false
VP_TIM4_VS_ClockSourceINT.Mode=Internal
NVIC.PriorityGroup=NVIC_PRIORITYGROUP_4
RCC.APB1TimFreq_Value=72000000
PB8.Signal=GPIO_Output
NVIC.BusFault_IRQn=true\:0\:0\:false\:false\:true\:false\:false
NVIC.TIM4_IRQn=true\:0\:0\:false\:false\:true\:true\:true
RCC.APB1Freq_Value=36000000
PB8.GPIO_Speed=GPIO_SPEED_FREQ_HIGH
ProjectManager.CustomerFirmwarePackage=
ProjectManager.DeviceId=STM32F103ZETx
ProjectManager.LibraryCopy=1
isbadioc=false
